
Microsoft Visual Studio Solution File, Format Version 12.00
# Visual Studio Version 16
VisualStudioVersion = 16.0.30114.105
MinimumVisualStudioVersion = 10.0.40219.1
Project("{FAE04EC0-301F-11D3-BF4B-00C04F79EFBC}") = "RangoDelivery.Dominio", "RangoDelivery.Dominio\RangoDelivery.Dominio.csproj", "{E6EDF674-491E-46E1-BDB8-CC220BC5E45D}"
EndProject
Project("{FAE04EC0-301F-11D3-BF4B-00C04F79EFBC}") = "RangoDelivery.Repositorio", "RangoDelivery.Repositorio\RangoDelivery.Repositorio.csproj", "{7482C514-9971-4C43-949F-FC2427A3BF95}"
EndProject
Project("{FAE04EC0-301F-11D3-BF4B-00C04F79EFBC}") = "RangoDelivery.web", "RangoDelivery.web\RangoDelivery.web.csproj", "{30CCD1B2-607C-476C-8F09-EB1A2BF882BD}"
EndProject
Global
	GlobalSection(SolutionConfigurationPlatforms) = preSolution
		Debug|Any CPU = Debug|Any CPU
		Debug|x64 = Debug|x64
		Debug|x86 = Debug|x86
		Release|Any CPU = Release|Any CPU
		Release|x64 = Release|x64
		Release|x86 = Release|x86
	EndGlobalSection
	GlobalSection(SolutionProperties) = preSolution
		HideSolutionNode = FALSE
	EndGlobalSection
	GlobalSection(ProjectConfigurationPlatforms) = postSolution
		{E6EDF674-491E-46E1-BDB8-CC220BC5E45D}.Debug|Any CPU.ActiveCfg = Debug|Any CPU
		{E6EDF674-491E-46E1-BDB8-CC220BC5E45D}.Debug|Any CPU.Build.0 = Debug|Any CPU
		{E6EDF674-491E-46E1-BDB8-CC220BC5E45D}.Debug|x64.ActiveCfg = Debug|Any CPU
		{E6EDF674-491E-46E1-BDB8-CC220BC5E45D}.Debug|x64.Build.0 = Debug|Any CPU
		{E6EDF674-491E-46E1-BDB8-CC220BC5E45D}.Debug|x86.ActiveCfg = Debug|Any CPU
		{E6EDF674-491E-46E1-BDB8-CC220BC5E45D}.Debug|x86.Build.0 = Debug|Any CPU
		{E6EDF674-491E-46E1-BDB8-CC220BC5E45D}.Release|Any CPU.ActiveCfg = Release|Any CPU
		{E6EDF674-491E-46E1-BDB8-CC220BC5E45D}.Release|Any CPU.Build.0 = Release|Any CPU
		{E6EDF674-491E-46E1-BDB8-CC220BC5E45D}.Release|x64.ActiveCfg = Release|Any CPU
		{E6EDF674-491E-46E1-BDB8-CC220BC5E45D}.Release|x64.Build.0 = Release|Any CPU
		{E6EDF674-491E-46E1-BDB8-CC220BC5E45D}.Release|x86.ActiveCfg = Release|Any CPU
		{E6EDF674-491E-46E1-BDB8-CC220BC5E45D}.Release|x86.Build.0 = Release|Any CPU
		{7482C514-9971-4C43-949F-FC2427A3BF95}.Debug|Any CPU.ActiveCfg = Debug|Any CPU
		{7482C514-9971-4C43-949F-FC2427A3BF95}.Debug|Any CPU.Build.0 = Debug|Any CPU
		{7482C514-9971-4C43-949F-FC2427A3BF95}.Debug|x64.ActiveCfg = Debug|Any CPU
		{7482C514-9971-4C43-949F-FC2427A3BF95}.Debug|x64.Build.0 = Debug|Any CPU
		{7482C514-9971-4C43-949F-FC2427A3BF95}.Debug|x86.ActiveCfg = Debug|Any CPU
		{7482C514-9971-4C43-949F-FC2427A3BF95}.Debug|x86.Build.0 = Debug|Any CPU
		{7482C514-9971-4C43-949F-FC2427A3BF95}.Release|Any CPU.ActiveCfg = Release|Any CPU
		{7482C514-9971-4C43-949F-FC2427A3BF95}.Release|Any CPU.Build.0 = Release|Any CPU
		{7482C514-9971-4C43-949F-FC2427A3BF95}.Release|x64.ActiveCfg = Release|Any CPU
		{7482C514-9971-4C43-949F-FC2427A3BF95}.Release|x64.Build.0 = Release|Any CPU
		{7482C514-9971-4C43-949F-FC2427A3BF95}.Release|x86.ActiveCfg = Release|Any CPU
		{7482C514-9971-4C43-949F-FC2427A3BF95}.Release|x86.Build.0 = Release|Any CPU
		{30CCD1B2-607C-476C-8F09-EB1A2BF882BD}.Debug|Any CPU.ActiveCfg = Debug|Any CPU
		{30CCD1B2-607C-476C-8F09-EB1A2BF882BD}.Debug|Any CPU.Build.0 = Debug|Any CPU
		{30CCD1B2-607C-476C-8F09-EB1A2BF882BD}.Debug|x64.ActiveCfg = Debug|Any CPU
		{30CCD1B2-607C-476C-8F09-EB1A2BF882BD}.Debug|x64.Build.0 = Debug|Any CPU
		{30CCD1B2-607C-476C-8F09-EB1A2BF882BD}.Debug|x86.ActiveCfg = Debug|Any CPU
		{30CCD1B2-607C-476C-8F09-EB1A2BF882BD}.Debug|x86.Build.0 = Debug|Any CPU
		{30CCD1B2-607C-476C-8F09-EB1A2BF882BD}.Release|Any CPU.ActiveCfg = Release|Any CPU
		{30CCD1B2-607C-476C-8F09-EB1A2BF882BD}.Release|Any CPU.Build.0 = Release|Any CPU
		{30CCD1B2-607C-476C-8F09-EB1A2BF882BD}.Release|x64.ActiveCfg = Release|Any CPU
		{30CCD1B2-607C-476C-8F09-EB1A2BF882BD}.Release|x64.Build.0 = Release|Any CPU
		{30CCD1B2-607C-476C-8F09-EB1A2BF882BD}.Release|x86.ActiveCfg = Release|Any CPU
		{30CCD1B2-607C-476C-8F09-EB1A2BF882BD}.Release|x86.Build.0 = Release|Any CPU
	EndGlobalSection
EndGlobal
